
Microsoft Visual Studio Solution File, Format Version 12.00
# Visual Studio 15
VisualStudioVersion = 15.0.27703.2035
MinimumVisualStudioVersion = 10.0.40219.1
Project("{9A19103F-16F7-4668-BE54-9A1E7A4F7556}") = "Medico.Challange.Web", "Medico.Challange.Web\Medico.Challange.Web.csproj", "{5DC0EDC5-6043-40E1-AD03-817F0720ACBB}"
EndProject
Project("{9A19103F-16F7-4668-BE54-9A1E7A4F7556}") = "Medico.Challange.DL", "Medico.Challange.DL\Medico.Challange.DL.csproj", "{C7C93102-1F90-4B85-BFA1-BA1B6D9562F0}"
EndProject
Project("{FAE04EC0-301F-11D3-BF4B-00C04F79EFBC}") = "Medico.Challange.Services", "MedicoChallange.Service\Medico.Challange.Services.csproj", "{0FE843FF-7C3A-4C96-B157-5BF1112347F3}"
EndProject
Global
	GlobalSection(SolutionConfigurationPlatforms) = preSolution
		Debug|Any CPU = Debug|Any CPU
		Release|Any CPU = Release|Any CPU
	EndGlobalSection
	GlobalSection(ProjectConfigurationPlatforms) = postSolution
		{5DC0EDC5-6043-40E1-AD03-817F0720ACBB}.Debug|Any CPU.ActiveCfg = Debug|Any CPU
		{5DC0EDC5-6043-40E1-AD03-817F0720ACBB}.Debug|Any CPU.Build.0 = Debug|Any CPU
		{5DC0EDC5-6043-40E1-AD03-817F0720ACBB}.Release|Any CPU.ActiveCfg = Release|Any CPU
		{5DC0EDC5-6043-40E1-AD03-817F0720ACBB}.Release|Any CPU.Build.0 = Release|Any CPU
		{C7C93102-1F90-4B85-BFA1-BA1B6D9562F0}.Debug|Any CPU.ActiveCfg = Debug|Any CPU
		{C7C93102-1F90-4B85-BFA1-BA1B6D9562F0}.Debug|Any CPU.Build.0 = Debug|Any CPU
		{C7C93102-1F90-4B85-BFA1-BA1B6D9562F0}.Release|Any CPU.ActiveCfg = Release|Any CPU
		{C7C93102-1F90-4B85-BFA1-BA1B6D9562F0}.Release|Any CPU.Build.0 = Release|Any CPU
		{0FE843FF-7C3A-4C96-B157-5BF1112347F3}.Debug|Any CPU.ActiveCfg = Debug|Any CPU
		{0FE843FF-7C3A-4C96-B157-5BF1112347F3}.Debug|Any CPU.Build.0 = Debug|Any CPU
		{0FE843FF-7C3A-4C96-B157-5BF1112347F3}.Release|Any CPU.ActiveCfg = Release|Any CPU
		{0FE843FF-7C3A-4C96-B157-5BF1112347F3}.Release|Any CPU.Build.0 = Release|Any CPU
	EndGlobalSection
	GlobalSection(SolutionProperties) = preSolution
		HideSolutionNode = FALSE
	EndGlobalSection
	GlobalSection(ExtensibilityGlobals) = postSolution
		SolutionGuid = {D7E571A1-A6B0-4C02-B494-C3A989ACCB72}
	EndGlobalSection
EndGlobal
